Microsoft Visual Studio Solution File, Format Version 12.00
# Visual Studio Version 17
VisualStudioVersion = 17.5.2.0
MinimumVisualStudioVersion = 10.0.40219.1
Project("{FAE04EC0-301F-11D3-BF4B-00C04F79EFBC}") = "GSRSensor", "GSRSensor.csproj", "{3D7699E0-C85D-6952-D277-4D01E38BEA86}"
EndProject
Global
	GlobalSection(SolutionConfigurationPlatforms) = preSolution
		Debug|Any CPU = Debug|Any CPU
		Release|Any CPU = Release|Any CPU
	EndGlobalSection
	GlobalSection(ProjectConfigurationPlatforms) = postSolution
		{3D7699E0-C85D-6952-D277-4D01E38BEA86}.Debug|Any CPU.ActiveCfg = Debug|Any CPU
		{3D7699E0-C85D-6952-D277-4D01E38BEA86}.Debug|Any CPU.Build.0 = Debug|Any CPU
		{3D7699E0-C85D-6952-D277-4D01E38BEA86}.Release|Any CPU.ActiveCfg = Release|Any CPU
		{3D7699E0-C85D-6952-D277-4D01E38BEA86}.Release|Any CPU.Build.0 = Release|Any CPU
	EndGlobalSection
	GlobalSection(SolutionProperties) = preSolution
		HideSolutionNode = FALSE
	EndGlobalSection
	GlobalSection(ExtensibilityGlobals) = postSolution
		SolutionGuid = {7DC592F3-9EF8-4236-AE52-CAC496D5D276}
	EndGlobalSection
EndGlobal
